
Microsoft Visual Studio Solution File, Format Version 12.00
# Visual Studio Version 17
VisualStudioVersion = 17.2.32526.322
MinimumVisualStudioVersion = 10.0.40219.1
Project("{9A19103F-16F7-4668-BE54-9A1E7A4F7556}") = "KardiaAPI", "KardiaAPI\KardiaAPI.csproj", "{68F3D914-DC5A-4DF1-829C-9A10E3271FCB}"
EndProject
Project("{FAE04EC0-301F-11D3-BF4B-00C04F79EFBC}") = "KardiaApi.Logic", "KardiaApi.Logic\KardiaApi.Logic.csproj", "{BBAF54E1-B546-45D8-BB63-152C64C090F9}"
EndProject
Global
	GlobalSection(SolutionConfigurationPlatforms) = preSolution
		Debug|Any CPU = Debug|Any CPU
		Release|Any CPU = Release|Any CPU
	EndGlobalSection
	GlobalSection(ProjectConfigurationPlatforms) = postSolution
		{68F3D914-DC5A-4DF1-829C-9A10E3271FCB}.Debug|Any CPU.ActiveCfg = Debug|Any CPU
		{68F3D914-DC5A-4DF1-829C-9A10E3271FCB}.Debug|Any CPU.Build.0 = Debug|Any CPU
		{68F3D914-DC5A-4DF1-829C-9A10E3271FCB}.Release|Any CPU.ActiveCfg = Release|Any CPU
		{68F3D914-DC5A-4DF1-829C-9A10E3271FCB}.Release|Any CPU.Build.0 = Release|Any CPU
		{BBAF54E1-B546-45D8-BB63-152C64C090F9}.Debug|Any CPU.ActiveCfg = Debug|Any CPU
		{BBAF54E1-B546-45D8-BB63-152C64C090F9}.Debug|Any CPU.Build.0 = Debug|Any CPU
		{BBAF54E1-B546-45D8-BB63-152C64C090F9}.Release|Any CPU.ActiveCfg = Release|Any CPU
		{BBAF54E1-B546-45D8-BB63-152C64C090F9}.Release|Any CPU.Build.0 = Release|Any CPU
	EndGlobalSection
	GlobalSection(SolutionProperties) = preSolution
		HideSolutionNode = FALSE
	EndGlobalSection
	GlobalSection(ExtensibilityGlobals) = postSolution
		SolutionGuid = {4C14CA31-843E-4B64-82CC-05612F3F602A}
	EndGlobalSection
EndGlobal
